
Microsoft Visual Studio Solution File, Format Version 12.00
# Visual Studio 15
VisualStudioVersion = 15.0.28307.705
MinimumVisualStudioVersion = 10.0.40219.1
Project("{FAE04EC0-301F-11D3-BF4B-00C04F79EFBC}") = "ApiUsersWebMVC", "ApiUsersWebMVC\ApiUsersWebMVC.csproj", "{333543D6-7BE6-4668-A5A5-A40E8176870A}"
EndProject
Global
	GlobalSection(SolutionConfigurationPlatforms) = preSolution
		Debug|Any CPU = Debug|Any CPU
		Release|Any CPU = Release|Any CPU
	EndGlobalSection
	GlobalSection(ProjectConfigurationPlatforms) = postSolution
		{333543D6-7BE6-4668-A5A5-A40E8176870A}.Debug|Any CPU.ActiveCfg = Debug|Any CPU
		{333543D6-7BE6-4668-A5A5-A40E8176870A}.Debug|Any CPU.Build.0 = Debug|Any CPU
		{333543D6-7BE6-4668-A5A5-A40E8176870A}.Release|Any CPU.ActiveCfg = Release|Any CPU
		{333543D6-7BE6-4668-A5A5-A40E8176870A}.Release|Any CPU.Build.0 = Release|Any CPU
	EndGlobalSection
	GlobalSection(SolutionProperties) = preSolution
		HideSolutionNode = FALSE
	EndGlobalSection
	GlobalSection(ExtensibilityGlobals) = postSolution
		SolutionGuid = {3B5E1B49-31CD-4407-8FE8-58F14AE475FA}
	EndGlobalSection
EndGlobal
